
Microsoft Visual Studio Solution File, Format Version 12.00
# Visual Studio Version 17
VisualStudioVersion = 17.0.31903.59
MinimumVisualStudioVersion = 10.0.40219.1
Project("{FAE04EC0-301F-11D3-BF4B-00C04F79EFBC}") = "TempConversion", "TempConversion\TempConversion.csproj", "{2A7BD055-B54D-4ABF-A16E-5E0CD0ABEBFC}"
EndProject
Global
	GlobalSection(SolutionConfigurationPlatforms) = preSolution
		Debug|Any CPU = Debug|Any CPU
		Release|Any CPU = Release|Any CPU
	EndGlobalSection
	GlobalSection(ProjectConfigurationPlatforms) = postSolution
		{2A7BD055-B54D-4ABF-A16E-5E0CD0ABEBFC}.Debug|Any CPU.ActiveCfg = Debug|Any CPU
		{2A7BD055-B54D-4ABF-A16E-5E0CD0ABEBFC}.Debug|Any CPU.Build.0 = Debug|Any CPU
		{2A7BD055-B54D-4ABF-A16E-5E0CD0ABEBFC}.Release|Any CPU.ActiveCfg = Release|Any CPU
		{2A7BD055-B54D-4ABF-A16E-5E0CD0ABEBFC}.Release|Any CPU.Build.0 = Release|Any CPU
	EndGlobalSection
	GlobalSection(SolutionProperties) = preSolution
		HideSolutionNode = FALSE
	EndGlobalSection
	GlobalSection(ExtensibilityGlobals) = postSolution
		SolutionGuid = {0E2B00EA-7F5B-4CCC-9E7F-70E28A07BE96}
	EndGlobalSection
EndGlobal
